
Microsoft Visual Studio Solution File, Format Version 12.00
# Visual Studio Version 16
VisualStudioVersion = 16.0.30907.101
MinimumVisualStudioVersion = 10.0.40219.1
Project("{FAE04EC0-301F-11D3-BF4B-00C04F79EFBC}") = "Treble Toolkit Installer", "Treble Toolkit Installer\Treble Toolkit Installer.csproj", "{F8CA40FA-2E5E-4AFF-89BD-FF3832163270}"
EndProject
Global
	GlobalSection(SolutionConfigurationPlatforms) = preSolution
		Debug|Any CPU = Debug|Any CPU
		Release|Any CPU = Release|Any CPU
	EndGlobalSection
	GlobalSection(ProjectConfigurationPlatforms) = postSolution
		{F8CA40FA-2E5E-4AFF-89BD-FF3832163270}.Debug|Any CPU.ActiveCfg = Debug|Any CPU
		{F8CA40FA-2E5E-4AFF-89BD-FF3832163270}.Debug|Any CPU.Build.0 = Debug|Any CPU
		{F8CA40FA-2E5E-4AFF-89BD-FF3832163270}.Release|Any CPU.ActiveCfg = Release|Any CPU
		{F8CA40FA-2E5E-4AFF-89BD-FF3832163270}.Release|Any CPU.Build.0 = Release|Any CPU
	EndGlobalSection
	GlobalSection(SolutionProperties) = preSolution
		HideSolutionNode = FALSE
	EndGlobalSection
	GlobalSection(ExtensibilityGlobals) = postSolution
		SolutionGuid = {CD7FC961-804F-4AB6-9407-4BA5AA7D5137}
	EndGlobalSection
EndGlobal
